
Microsoft Visual Studio Solution File, Format Version 12.00
# Visual Studio Version 17
VisualStudioVersion = 17.10.34928.147
MinimumVisualStudioVersion = 10.0.40219.1
Project("{FAE04EC0-301F-11D3-BF4B-00C04F79EFBC}") = "WebApplication1", "WebApplication1\WebApplication1.csproj", "{EEAEAEF8-639C-4BB7-863A-F725D63CF9E5}"
EndProject
Global
	GlobalSection(SolutionConfigurationPlatforms) = preSolution
		Debug|Any CPU = Debug|Any CPU
		Release|Any CPU = Release|Any CPU
	EndGlobalSection
	GlobalSection(ProjectConfigurationPlatforms) = postSolution
		{EEAEAEF8-639C-4BB7-863A-F725D63CF9E5}.Debug|Any CPU.ActiveCfg = Debug|Any CPU
		{EEAEAEF8-639C-4BB7-863A-F725D63CF9E5}.Debug|Any CPU.Build.0 = Debug|Any CPU
		{EEAEAEF8-639C-4BB7-863A-F725D63CF9E5}.Release|Any CPU.ActiveCfg = Release|Any CPU
		{EEAEAEF8-639C-4BB7-863A-F725D63CF9E5}.Release|Any CPU.Build.0 = Release|Any CPU
	EndGlobalSection
	GlobalSection(SolutionProperties) = preSolution
		HideSolutionNode = FALSE
	EndGlobalSection
	GlobalSection(ExtensibilityGlobals) = postSolution
		SolutionGuid = {1BC9EB16-69D6-432B-8017-C2532B8B2208}
	EndGlobalSection
EndGlobal
