
Microsoft Visual Studio Solution File, Format Version 12.00
# Visual Studio Version 17
VisualStudioVersion = 17.9.34728.123
MinimumVisualStudioVersion = 10.0.40219.1
Project("{FAE04EC0-301F-11D3-BF4B-00C04F79EFBC}") = "Adapter_Task", "Adapter_Task\Adapter_Task.csproj", "{43B55206-A359-44DD-B0BD-27339899FE11}"
EndProject
Global
	GlobalSection(SolutionConfigurationPlatforms) = preSolution
		Debug|Any CPU = Debug|Any CPU
		Release|Any CPU = Release|Any CPU
	EndGlobalSection
	GlobalSection(ProjectConfigurationPlatforms) = postSolution
		{43B55206-A359-44DD-B0BD-27339899FE11}.Debug|Any CPU.ActiveCfg = Debug|Any CPU
		{43B55206-A359-44DD-B0BD-27339899FE11}.Debug|Any CPU.Build.0 = Debug|Any CPU
		{43B55206-A359-44DD-B0BD-27339899FE11}.Release|Any CPU.ActiveCfg = Release|Any CPU
		{43B55206-A359-44DD-B0BD-27339899FE11}.Release|Any CPU.Build.0 = Release|Any CPU
	EndGlobalSection
	GlobalSection(SolutionProperties) = preSolution
		HideSolutionNode = FALSE
	EndGlobalSection
	GlobalSection(ExtensibilityGlobals) = postSolution
		SolutionGuid = {6FF475B6-A502-4E19-8570-0287A260DED3}
	EndGlobalSection
EndGlobal
